{
  "markbot": "cb9f80e92d81479b39455a6cd59a6d7389651a32ebb45d2070f45bf737e0f339",
  "markbotignore": "030a4e6e1b3b6b510514a7ae54576e2c2ef762d56236c6414ef634955d96a126",
  "index.html": "b7d97aa4f244ca69f58f296702eb081b46a72d373857b57fc7514f4b85e69176",
  "index-320.png": "fe376d04af2f73b6be641d330132fc67f24f6bfa2887b4bf05feaf599875a4ea",
  "index-400.png": "a2b9402e07c537b311c7f0f5f93c85924d27be630d80735296b346f8ad75c8e1",
  "index-608.png": "54a00d53089749f9234b7932ce609d8a1b3b5c2eba43d0dffbf2a67f5c9495fd",
  "index-960.png": "ad203585777b06a3ec5bd5fa04c3050a2b63fc64c70c41c8f9e257c160b4c4fe",
  "index-1440.png": "9f82652192b46887de137e21f13d18dc4e445835c152c3d58809cfc373086c89"
}