{
  "markbot": "283aca87a29733c6d1bc0ec5f7c51743f21090745974ce5f0f69443c9ef1d81c",
  "index.html": "b7d97aa4f244ca69f58f296702eb081b46a72d373857b57fc7514f4b85e69176",
  "index-320.png": "788ca55abc38f87ad85b83bc3caad78b21d65c2280e282d911cf6911cf970749",
  "index-400.png": "63e9d3867401b9575872d3ec2df6cf9e7d9f8f31986ae447bcfdf53a6c1f1d53",
  "index-650.png": "6d5e66b4f71299ae83ff818684bf3f5f353018f23a75c6b4b3044a64f8da550f",
  "index-980.png": "9b183b5fbe612e4a751defa13328b5e32078be5af1722143510ea24126fc62a0",
  "index-1400.png": "42ce41278b002d5ca7330a640d47a0c12d946d9ae9341ae62898351b7e8a7841"
}