{
  "markbot": "bee6741d35bbd4b26e8cff8cfd93aff9641de12de2724d455208e9d8a75e1be9",
  "markbotignore": "030a4e6e1b3b6b510514a7ae54576e2c2ef762d56236c6414ef634955d96a126",
  "index.html": "b7d97aa4f244ca69f58f296702eb081b46a72d373857b57fc7514f4b85e69176",
  "index-320.png": "075445ba06904fb158e44802713a04758335fb3bd1f36053b91994bbde3601af",
  "index-400.png": "a88bcd1db5a062eb255ce009f0552da207c76fb7b49953feaadc50d9eb1d92ac",
  "index-608.png": "08020a873d074184781435a01cf91f719da0a2d264080de304a95d05126810aa",
  "index-960.png": "5d6399dbb8d1b8fc373333f30d253725dc2343c9d6924b74eff53a0652595636",
  "index-1440.png": "c8654a24207a880dbfa61a5e66747654520a2f49880ca578cab120f9e2e09557"
}